// !$*UTF8*$!
{
	archiveVersion = 1;
	classes = {
	};
	objectVersion = 46;
	objects = {

/* Begin PBXGroup section */
		3F7DB7A21AC3C2BC00746DCF = {
			isa = PBXGroup;
			children = (
			);
			sourceTree = "<group>";
		};
/* End PBXGroup section */

/* Begin PBXProject section */
		3F7DB7A31AC3C2BC00746DCF /* Project object */ = {
			isa = PBXProject;
			attributes = {
				LastUpgradeCheck = 0620;
			};
			buildConfigurationList = 3F7DB7A61AC3C2BC00746DCF /* Build configuration list for PBXProject "divinemercy" */;
			compatibilityVersion = "Xcode 3.2";
			developmentRegion = English;
			hasScannedForEncodings = 0;
			knownRegions = (
				en,
			);
			mainGroup = 3F7DB7A21AC3C2BC00746DCF;
			projectDirPath = "";
			projectRoot = "";
			targets = (
			);
		};
/* End PBXProject section */

/* Begin XCBuildConfiguration section */
		3F7DB7A71AC3C2BC00746DCF /* Debug */ = {
			isa = XCBuildConfiguration;
			buildSettings = {
			};
			name = Debug;
		};
		3F7DB7A81AC3C2BC00746DCF /* Release */ = {
			isa = XCBuildConfiguration;
			buildSettings = {
			};
			name = Release;
		};
/* End XCBuildConfiguration section */

/* Begin XCConfigurationList section */
		3F7DB7A61AC3C2BC00746DCF /* Build configuration list for PBXProject "divinemercy" */ = {
			isa = XCConfigurationList;
			buildConfigurations = (
				3F7DB7A71AC3C2BC00746DCF /* Debug */,
				3F7DB7A81AC3C2BC00746DCF /* Release */,
			);
			defaultConfigurationIsVisible = 0;
			defaultConfigurationName = Release;
		};
/* End XCConfigurationList section */
	};
	rootObject = 3F7DB7A31AC3C2BC00746DCF /* Project object */;
}
